
Microsoft Visual Studio Solution File, Format Version 12.00
# Visual Studio Version 16
VisualStudioVersion = 16.0.29609.76
MinimumVisualStudioVersion = 10.0.40219.1
Project("{FAE04EC0-301F-11D3-BF4B-00C04F79EFBC}") = "Todolist_LIPE.Android", "Todolist_LIPE.Android\Todolist_LIPE.Android.csproj", "{247197F8-3F1E-4C6E-A66F-EA593B436B8E}"
EndProject
Project("{FAE04EC0-301F-11D3-BF4B-00C04F79EFBC}") = "Todolist_LIPE.iOS", "Todolist_LIPE.iOS\Todolist_LIPE.iOS.csproj", "{400DE06C-BC4F-4BEB-B86F-B1EBEB2D73F9}"
EndProject
Project("{FAE04EC0-301F-11D3-BF4B-00C04F79EFBC}") = "Todolist_LIPE", "Todolist_LIPE\Todolist_LIPE.csproj", "{280B3F26-6CB3-4079-A612-092BB00EA050}"
EndProject
Global
	GlobalSection(SolutionConfigurationPlatforms) = preSolution
		Debug|Any CPU = Debug|Any CPU
		Debug|iPhone = Debug|iPhone
		Debug|iPhoneSimulator = Debug|iPhoneSimulator
		Release|Any CPU = Release|Any CPU
		Release|iPhone = Release|iPhone
		Release|iPhoneSimulator = Release|iPhoneSimulator
	EndGlobalSection
	GlobalSection(ProjectConfigurationPlatforms) = postSolution
		{247197F8-3F1E-4C6E-A66F-EA593B436B8E}.Debug|Any CPU.ActiveCfg = Debug|Any CPU
		{247197F8-3F1E-4C6E-A66F-EA593B436B8E}.Debug|Any CPU.Build.0 = Debug|Any CPU
		{247197F8-3F1E-4C6E-A66F-EA593B436B8E}.Debug|Any CPU.Deploy.0 = Debug|Any CPU
		{247197F8-3F1E-4C6E-A66F-EA593B436B8E}.Debug|iPhone.ActiveCfg = Debug|Any CPU
		{247197F8-3F1E-4C6E-A66F-EA593B436B8E}.Debug|iPhone.Build.0 = Debug|Any CPU
		{247197F8-3F1E-4C6E-A66F-EA593B436B8E}.Debug|iPhone.Deploy.0 = Debug|Any CPU
		{247197F8-3F1E-4C6E-A66F-EA593B436B8E}.Debug|iPhoneSimulator.ActiveCfg = Debug|Any CPU
		{247197F8-3F1E-4C6E-A66F-EA593B436B8E}.Debug|iPhoneSimulator.Build.0 = Debug|Any CPU
		{247197F8-3F1E-4C6E-A66F-EA593B436B8E}.Debug|iPhoneSimulator.Deploy.0 = Debug|Any CPU
		{247197F8-3F1E-4C6E-A66F-EA593B436B8E}.Release|Any CPU.ActiveCfg = Release|Any CPU
		{247197F8-3F1E-4C6E-A66F-EA593B436B8E}.Release|Any CPU.Build.0 = Release|Any CPU
		{247197F8-3F1E-4C6E-A66F-EA593B436B8E}.Release|Any CPU.Deploy.0 = Release|Any CPU
		{247197F8-3F1E-4C6E-A66F-EA593B436B8E}.Release|iPhone.ActiveCfg = Release|Any CPU
		{247197F8-3F1E-4C6E-A66F-EA593B436B8E}.Release|iPhone.Build.0 = Release|Any CPU
		{247197F8-3F1E-4C6E-A66F-EA593B436B8E}.Release|iPhone.Deploy.0 = Release|Any CPU
		{247197F8-3F1E-4C6E-A66F-EA593B436B8E}.Release|iPhoneSimulator.ActiveCfg = Release|Any CPU
		{247197F8-3F1E-4C6E-A66F-EA593B436B8E}.Release|iPhoneSimulator.Build.0 = Release|Any CPU
		{247197F8-3F1E-4C6E-A66F-EA593B436B8E}.Release|iPhoneSimulator.Deploy.0 = Release|Any CPU
		{400DE06C-BC4F-4BEB-B86F-B1EBEB2D73F9}.Debug|Any CPU.ActiveCfg = Debug|iPhoneSimulator
		{400DE06C-BC4F-4BEB-B86F-B1EBEB2D73F9}.Debug|Any CPU.Build.0 = Debug|iPhoneSimulator
		{400DE06C-BC4F-4BEB-B86F-B1EBEB2D73F9}.Debug|Any CPU.Deploy.0 = Debug|iPhoneSimulator
		{400DE06C-BC4F-4BEB-B86F-B1EBEB2D73F9}.Debug|iPhone.ActiveCfg = Debug|iPhone
		{400DE06C-BC4F-4BEB-B86F-B1EBEB2D73F9}.Debug|iPhone.Build.0 = Debug|iPhone
		{400DE06C-BC4F-4BEB-B86F-B1EBEB2D73F9}.Debug|iPhone.Deploy.0 = Debug|iPhone
		{400DE06C-BC4F-4BEB-B86F-B1EBEB2D73F9}.Debug|iPhoneSimulator.ActiveCfg = Debug|iPhoneSimulator
		{400DE06C-BC4F-4BEB-B86F-B1EBEB2D73F9}.Debug|iPhoneSimulator.Build.0 = Debug|iPhoneSimulator
		{400DE06C-BC4F-4BEB-B86F-B1EBEB2D73F9}.Debug|iPhoneSimulator.Deploy.0 = Debug|iPhoneSimulator
		{400DE06C-BC4F-4BEB-B86F-B1EBEB2D73F9}.Release|Any CPU.ActiveCfg = Release|iPhone
		{400DE06C-BC4F-4BEB-B86F-B1EBEB2D73F9}.Release|Any CPU.Build.0 = Release|iPhone
		{400DE06C-BC4F-4BEB-B86F-B1EBEB2D73F9}.Release|Any CPU.Deploy.0 = Release|iPhone
		{400DE06C-BC4F-4BEB-B86F-B1EBEB2D73F9}.Release|iPhone.ActiveCfg = Release|iPhone
		{400DE06C-BC4F-4BEB-B86F-B1EBEB2D73F9}.Release|iPhone.Build.0 = Release|iPhone
		{400DE06C-BC4F-4BEB-B86F-B1EBEB2D73F9}.Release|iPhone.Deploy.0 = Release|iPhone
		{400DE06C-BC4F-4BEB-B86F-B1EBEB2D73F9}.Release|iPhoneSimulator.ActiveCfg = Release|iPhoneSimulator
		{400DE06C-BC4F-4BEB-B86F-B1EBEB2D73F9}.Release|iPhoneSimulator.Build.0 = Release|iPhoneSimulator
		{400DE06C-BC4F-4BEB-B86F-B1EBEB2D73F9}.Release|iPhoneSimulator.Deploy.0 = Release|iPhoneSimulator
		{280B3F26-6CB3-4079-A612-092BB00EA050}.Debug|Any CPU.ActiveCfg = Debug|Any CPU
		{280B3F26-6CB3-4079-A612-092BB00EA050}.Debug|Any CPU.Build.0 = Debug|Any CPU
		{280B3F26-6CB3-4079-A612-092BB00EA050}.Debug|Any CPU.Deploy.0 = Debug|Any CPU
		{280B3F26-6CB3-4079-A612-092BB00EA050}.Debug|iPhone.ActiveCfg = Debug|Any CPU
		{280B3F26-6CB3-4079-A612-092BB00EA050}.Debug|iPhone.Build.0 = Debug|Any CPU
		{280B3F26-6CB3-4079-A612-092BB00EA050}.Debug|iPhone.Deploy.0 = Debug|Any CPU
		{280B3F26-6CB3-4079-A612-092BB00EA050}.Debug|iPhoneSimulator.ActiveCfg = Debug|Any CPU
		{280B3F26-6CB3-4079-A612-092BB00EA050}.Debug|iPhoneSimulator.Build.0 = Debug|Any CPU
		{280B3F26-6CB3-4079-A612-092BB00EA050}.Debug|iPhoneSimulator.Deploy.0 = Debug|Any CPU
		{280B3F26-6CB3-4079-A612-092BB00EA050}.Release|Any CPU.ActiveCfg = Release|Any CPU
		{280B3F26-6CB3-4079-A612-092BB00EA050}.Release|Any CPU.Build.0 = Release|Any CPU
		{280B3F26-6CB3-4079-A612-092BB00EA050}.Release|Any CPU.Deploy.0 = Release|Any CPU
		{280B3F26-6CB3-4079-A612-092BB00EA050}.Release|iPhone.ActiveCfg = Release|Any CPU
		{280B3F26-6CB3-4079-A612-092BB00EA050}.Release|iPhone.Build.0 = Release|Any CPU
		{280B3F26-6CB3-4079-A612-092BB00EA050}.Release|iPhone.Deploy.0 = Release|Any CPU
		{280B3F26-6CB3-4079-A612-092BB00EA050}.Release|iPhoneSimulator.ActiveCfg = Release|Any CPU
		{280B3F26-6CB3-4079-A612-092BB00EA050}.Release|iPhoneSimulator.Build.0 = Release|Any CPU
		{280B3F26-6CB3-4079-A612-092BB00EA050}.Release|iPhoneSimulator.Deploy.0 = Release|Any CPU
	EndGlobalSection
	GlobalSection(SolutionProperties) = preSolution
		HideSolutionNode = FALSE
	EndGlobalSection
	GlobalSection(ExtensibilityGlobals) = postSolution
		SolutionGuid = {27D6D0DB-320B-4FC2-8446-4C23C5DB9DBE}
	EndGlobalSection
EndGlobal
